
Microsoft Visual Studio Solution File, Format Version 12.00
# Visual Studio 15
VisualStudioVersion = 15.0.28307.136
MinimumVisualStudioVersion = 10.0.40219.1
Project("{8BC9CEB8-8B4A-11D0-8D11-00A0C91BC942}") = "PiHydro", "pi\pi.vcxproj", "{45D4E570-EA24-4436-81B4-0A6E1B496E92}"
EndProject
Global
	GlobalSection(SolutionConfigurationPlatforms) = preSolution
		Debug|ARM = Debug|ARM
		Debug|ARM64 = Debug|ARM64
		Release|ARM = Release|ARM
		Release|ARM64 = Release|ARM64
	EndGlobalSection
	GlobalSection(ProjectConfigurationPlatforms) = postSolution
		{45D4E570-EA24-4436-81B4-0A6E1B496E92}.Debug|ARM.ActiveCfg = Debug|ARM
		{45D4E570-EA24-4436-81B4-0A6E1B496E92}.Debug|ARM.Build.0 = Debug|ARM
		{45D4E570-EA24-4436-81B4-0A6E1B496E92}.Debug|ARM64.ActiveCfg = Debug|ARM64
		{45D4E570-EA24-4436-81B4-0A6E1B496E92}.Debug|ARM64.Build.0 = Debug|ARM64
		{45D4E570-EA24-4436-81B4-0A6E1B496E92}.Release|ARM.ActiveCfg = Release|ARM
		{45D4E570-EA24-4436-81B4-0A6E1B496E92}.Release|ARM.Build.0 = Release|ARM
		{45D4E570-EA24-4436-81B4-0A6E1B496E92}.Release|ARM64.ActiveCfg = Release|ARM64
		{45D4E570-EA24-4436-81B4-0A6E1B496E92}.Release|ARM64.Build.0 = Release|ARM64
	EndGlobalSection
	GlobalSection(SolutionProperties) = preSolution
		HideSolutionNode = FALSE
	EndGlobalSection
	GlobalSection(ExtensibilityGlobals) = postSolution
		SolutionGuid = {CEC8CC0B-082C-45B3-A1EA-414989F36354}
	EndGlobalSection
EndGlobal
